// !$*UTF8*$!
{
	archiveVersion = 1;
	classes = {
	};
	objectVersion = 48;
	objects = {

/* Begin PBXBuildFile section */
		143DA2782075B447001D2160 /* AppDelegate.swift in Sources */ = {isa = PBXBuildFile; fileRef = 143DA2772075B447001D2160 /* AppDelegate.swift */; };
		143DA27A2075B447001D2160 /* ViewController.swift in Sources */ = {isa = PBXBuildFile; fileRef = 143DA2792075B447001D2160 /* ViewController.swift */; };
		143DA27D2075B447001D2160 /* Main.storyboard in Resources */ = {isa = PBXBuildFile; fileRef = 143DA27B2075B447001D2160 /* Main.storyboard */; };
		143DA27F2075B447001D2160 /* Assets.xcassets in Resources */ = {isa = PBXBuildFile; fileRef = 143DA27E2075B447001D2160 /* Assets.xcassets */; };
		143DA2822075B447001D2160 /* LaunchScreen.storyboard in Resources */ = {isa = PBXBuildFile; fileRef = 143DA2802075B447001D2160 /* LaunchScreen.storyboard */; };
		143DA28F2075B509001D2160 /* frame3.png in Resources */ = {isa = PBXBuildFile; fileRef = 143DA28A2075B509001D2160 /* frame3.png */; };
		143DA2902075B509001D2160 /* frame4.png in Resources */ = {isa = PBXBuildFile; fileRef = 143DA28B2075B509001D2160 /* frame4.png */; };
		143DA2912075B509001D2160 /* frame5.png in Resources */ = {isa = PBXBuildFile; fileRef = 143DA28C2075B509001D2160 /* frame5.png */; };
		143DA2922075B509001D2160 /* frame1.png in Resources */ = {isa = PBXBuildFile; fileRef = 143DA28D2075B509001D2160 /* frame1.png */; };
		143DA2932075B509001D2160 /* frame2.png in Resources */ = {isa = PBXBuildFile; fileRef = 143DA28E2075B509001D2160 /* frame2.png */; };
/* End PBXBuildFile section */

/* Begin PBXFileReference section */
		143DA2742075B447001D2160 /* alienStopTest.app */ = {isa = PBXFileReference; explicitFileType = wrapper.application; includeInIndex = 0; path = alienStopTest.app; sourceTree = BUILT_PRODUCTS_DIR; };
		143DA2772075B447001D2160 /* AppDelegate.swift */ = {isa = PBXFileReference; lastKnownFileType = sourcecode.swift; path = AppDelegate.swift; sourceTree = "<group>"; };
		143DA2792075B447001D2160 /* ViewController.swift */ = {isa = PBXFileReference; lastKnownFileType = sourcecode.swift; path = ViewController.swift; sourceTree = "<group>"; };
		143DA27C2075B447001D2160 /* Base */ = {isa = PBXFileReference; lastKnownFileType = file.storyboard; name = Base; path = Base.lproj/Main.storyboard; sourceTree = "<group>"; };
		143DA27E2075B447001D2160 /* Assets.xcassets */ = {isa = PBXFileReference; lastKnownFileType = folder.assetcatalog; path = Assets.xcassets; sourceTree = "<group>"; };
		143DA2812075B447001D2160 /* Base */ = {isa = PBXFileReference; lastKnownFileType = file.storyboard; name = Base; path = Base.lproj/LaunchScreen.storyboard; sourceTree = "<group>"; };
		143DA2832075B448001D2160 /* Info.plist */ = {isa = PBXFileReference; lastKnownFileType = text.plist.xml; path = Info.plist; sourceTree = "<group>"; };
		143DA28A2075B509001D2160 /* frame3.png */ = {isa = PBXFileReference; lastKnownFileType = image.png; path = frame3.png; sourceTree = "<group>"; };
		143DA28B2075B509001D2160 /* frame4.png */ = {isa = PBXFileReference; lastKnownFileType = image.png; path = frame4.png; sourceTree = "<group>"; };
		143DA28C2075B509001D2160 /* frame5.png */ = {isa = PBXFileReference; lastKnownFileType = image.png; path = frame5.png; sourceTree = "<group>"; };
		143DA28D2075B509001D2160 /* frame1.png */ = {isa = PBXFileReference; lastKnownFileType = image.png; path = frame1.png; sourceTree = "<group>"; };
		143DA28E2075B509001D2160 /* frame2.png */ = {isa = PBXFileReference; lastKnownFileType = image.png; path = frame2.png; sourceTree = "<group>"; };
/* End PBXFileReference section */

/* Begin PBXFrameworksBuildPhase section */
		143DA2712075B447001D2160 /* Frameworks */ = {
			isa = PBXFrameworksBuildPhase;
			buildActionMask = 2147483647;
			files = (
			);
			runOnlyForDeploymentPostprocessing = 0;
		};
/* End PBXFrameworksBuildPhase section */

/* Begin PBXGroup section */
		143DA26B2075B447001D2160 = {
			isa = PBXGroup;
			children = (
				143DA2762075B447001D2160 /* alienStopTest */,
				143DA2752075B447001D2160 /* Products */,
			);
			sourceTree = "<group>";
		};
		143DA2752075B447001D2160 /* Products */ = {
			isa = PBXGroup;
			children = (
				143DA2742075B447001D2160 /* alienStopTest.app */,
			);
			name = Products;
			sourceTree = "<group>";
		};
		143DA2762075B447001D2160 /* alienStopTest */ = {
			isa = PBXGroup;
			children = (
				143DA2892075B4CD001D2160 /* New Group */,
				143DA2772075B447001D2160 /* AppDelegate.swift */,
				143DA2792075B447001D2160 /* ViewController.swift */,
				143DA27B2075B447001D2160 /* Main.storyboard */,
				143DA27E2075B447001D2160 /* Assets.xcassets */,
				143DA2802075B447001D2160 /* LaunchScreen.storyboard */,
				143DA2832075B448001D2160 /* Info.plist */,
			);
			path = alienStopTest;
			sourceTree = "<group>";
		};
		143DA2892075B4CD001D2160 /* New Group */ = {
			isa = PBXGroup;
			children = (
				143DA28D2075B509001D2160 /* frame1.png */,
				143DA28E2075B509001D2160 /* frame2.png */,
				143DA28A2075B509001D2160 /* frame3.png */,
				143DA28B2075B509001D2160 /* frame4.png */,
				143DA28C2075B509001D2160 /* frame5.png */,
			);
			path = "New Group";
			sourceTree = "<group>";
		};
/* End PBXGroup section */

/* Begin PBXNativeTarget section */
		143DA2732075B447001D2160 /* alienStopTest */ = {
			isa = PBXNativeTarget;
			buildConfigurationList = 143DA2862075B448001D2160 /* Build configuration list for PBXNativeTarget "alienStopTest" */;
			buildPhases = (
				143DA2702075B447001D2160 /* Sources */,
				143DA2712075B447001D2160 /* Frameworks */,
				143DA2722075B447001D2160 /* Resources */,
			);
			buildRules = (
			);
			dependencies = (
			);
			name = alienStopTest;
			productName = alienStopTest;
			productReference = 143DA2742075B447001D2160 /* alienStopTest.app */;
			productType = "com.apple.product-type.application";
		};
/* End PBXNativeTarget section */

/* Begin PBXProject section */
		143DA26C2075B447001D2160 /* Project object */ = {
			isa = PBXProject;
			attributes = {
				LastSwiftUpdateCheck = 0920;
				LastUpgradeCheck = 0920;
				ORGANIZATIONNAME = ksh;
				TargetAttributes = {
					143DA2732075B447001D2160 = {
						CreatedOnToolsVersion = 9.2;
						ProvisioningStyle = Automatic;
					};
				};
			};
			buildConfigurationList = 143DA26F2075B447001D2160 /* Build configuration list for PBXProject "alienStopTest" */;
			compatibilityVersion = "Xcode 8.0";
			developmentRegion = en;
			hasScannedForEncodings = 0;
			knownRegions = (
				en,
				Base,
			);
			mainGroup = 143DA26B2075B447001D2160;
			productRefGroup = 143DA2752075B447001D2160 /* Products */;
			projectDirPath = "";
			projectRoot = "";
			targets = (
				143DA2732075B447001D2160 /* alienStopTest */,
			);
		};
/* End PBXProject section */

/* Begin PBXResourcesBuildPhase section */
		143DA2722075B447001D2160 /* Resources */ = {
			isa = PBXResourcesBuildPhase;
			buildActionMask = 2147483647;
			files = (
				143DA2902075B509001D2160 /* frame4.png in Resources */,
				143DA2822075B447001D2160 /* LaunchScreen.storyboard in Resources */,
				143DA2932075B509001D2160 /* frame2.png in Resources */,
				143DA27F2075B447001D2160 /* Assets.xcassets in Resources */,
				143DA27D2075B447001D2160 /* Main.storyboard in Resources */,
				143DA28F2075B509001D2160 /* frame3.png in Resources */,
				143DA2922075B509001D2160 /* frame1.png in Resources */,
				143DA2912075B509001D2160 /* frame5.png in Resources */,
			);
			runOnlyForDeploymentPostprocessing = 0;
		};
/* End PBXResourcesBuildPhase section */

/* Begin PBXSourcesBuildPhase section */
		143DA2702075B447001D2160 /* Sources */ = {
			isa = PBXSourcesBuildPhase;
			buildActionMask = 2147483647;
			files = (
				143DA27A2075B447001D2160 /* ViewController.swift in Sources */,
				143DA2782075B447001D2160 /* AppDelegate.swift in Sources */,
			);
			runOnlyForDeploymentPostprocessing = 0;
		};
/* End PBXSourcesBuildPhase section */

/* Begin PBXVariantGroup section */
		143DA27B2075B447001D2160 /* Main.storyboard */ = {
			isa = PBXVariantGroup;
			children = (
				143DA27C2075B447001D2160 /* Base */,
			);
			name = Main.storyboard;
			sourceTree = "<group>";
		};
		143DA2802075B447001D2160 /* LaunchScreen.storyboard */ = {
			isa = PBXVariantGroup;
			children = (
				143DA2812075B447001D2160 /* Base */,
			);
			name = LaunchScreen.storyboard;
			sourceTree = "<group>";
		};
/* End PBXVariantGroup section */

/* Begin XCBuildConfiguration section */
		143DA2842075B448001D2160 /* Debug */ = {
			isa = XCBuildConfiguration;
			buildSettings = {
				ALWAYS_SEARCH_USER_PATHS = NO;
				CLANG_ANALYZER_NONNULL = YES;
				CLANG_ANALYZER_NUMBER_OBJECT_CONVERSION = YES_AGGRESSIVE;
				CLANG_CXX_LANGUAGE_STANDARD = "gnu++14";
				CLANG_CXX_LIBRARY = "libc++";
				CLANG_ENABLE_MODULES = YES;
				CLANG_ENABLE_OBJC_ARC = YES;
				CLANG_WARN_BLOCK_CAPTURE_AUTORELEASING = YES;
				CLANG_WARN_BOOL_CONVERSION = YES;
				CLANG_WARN_COMMA = YES;
				CLANG_WARN_CONSTANT_CONVERSION = YES;
				CLANG_WARN_DIRECT_OBJC_ISA_USAGE = YES_ERROR;
				CLANG_WARN_DOCUMENTATION_COMMENTS = YES;
				CLANG_WARN_EMPTY_BODY = YES;
				CLANG_WARN_ENUM_CONVERSION = YES;
				CLANG_WARN_INFINITE_RECURSION = YES;
				CLANG_WARN_INT_CONVERSION = YES;
				CLANG_WARN_NON_LITERAL_NULL_CONVERSION = YES;
				CLANG_WARN_OBJC_LITERAL_CONVERSION = YES;
				CLANG_WARN_OBJC_ROOT_CLASS = YES_ERROR;
				CLANG_WARN_RANGE_LOOP_ANALYSIS = YES;
				CLANG_WARN_STRICT_PROTOTYPES = YES;
				CLANG_WARN_SUSPICIOUS_MOVE = YES;
				CLANG_WARN_UNGUARDED_AVAILABILITY = YES_AGGRESSIVE;
				CLANG_WARN_UNREACHABLE_CODE = YES;
				CLANG_WARN__DUPLICATE_METHOD_MATCH = YES;
				CODE_SIGN_IDENTITY = "iPhone Developer";
				COPY_PHASE_STRIP = NO;
				DEBUG_INFORMATION_FORMAT = dwarf;
				ENABLE_STRICT_OBJC_MSGSEND = YES;
				ENABLE_TESTABILITY = YES;
				GCC_C_LANGUAGE_STANDARD = gnu11;
				GCC_DYNAMIC_NO_PIC = NO;
				GCC_NO_COMMON_BLOCKS = YES;
				GCC_OPTIMIZATION_LEVEL = 0;
				GCC_PREPROCESSOR_DEFINITIONS = (
					"DEBUG=1",
					"$(inherited)",
				);
				GCC_WARN_64_TO_32_BIT_CONVERSION = YES;
				GCC_WARN_ABOUT_RETURN_TYPE = YES_ERROR;
				GCC_WARN_UNDECLARED_SELECTOR = YES;
				GCC_WARN_UNINITIALIZED_AUTOS = YES_AGGRESSIVE;
				GCC_WARN_UNUSED_FUNCTION = YES;
				GCC_WARN_UNUSED_VARIABLE = YES;
				IPHONEOS_DEPLOYMENT_TARGET = 11.2;
				MTL_ENABLE_DEBUG_INFO = YES;
				ONLY_ACTIVE_ARCH = YES;
				SDKROOT = iphoneos;
				SWIFT_ACTIVE_COMPILATION_CONDITIONS = DEBUG;
				SWIFT_OPTIMIZATION_LEVEL = "-Onone";
			};
			name = Debug;
		};
		143DA2852075B448001D2160 /* Release */ = {
			isa = XCBuildConfiguration;
			buildSettings = {
				ALWAYS_SEARCH_USER_PATHS = NO;
				CLANG_ANALYZER_NONNULL = YES;
				CLANG_ANALYZER_NUMBER_OBJECT_CONVERSION = YES_AGGRESSIVE;
				CLANG_CXX_LANGUAGE_STANDARD = "gnu++14";
				CLANG_CXX_LIBRARY = "libc++";
				CLANG_ENABLE_MODULES = YES;
				CLANG_ENABLE_OBJC_ARC = YES;
				CLANG_WARN_BLOCK_CAPTURE_AUTORELEASING = YES;
				CLANG_WARN_BOOL_CONVERSION = YES;
				CLANG_WARN_COMMA = YES;
				CLANG_WARN_CONSTANT_CONVERSION = YES;
				CLANG_WARN_DIRECT_OBJC_ISA_USAGE = YES_ERROR;
				CLANG_WARN_DOCUMENTATION_COMMENTS = YES;
				CLANG_WARN_EMPTY_BODY = YES;
				CLANG_WARN_ENUM_CONVERSION = YES;
				CLANG_WARN_INFINITE_RECURSION = YES;
				CLANG_WARN_INT_CONVERSION = YES;
				CLANG_WARN_NON_LITERAL_NULL_CONVERSION = YES;
				CLANG_WARN_OBJC_LITERAL_CONVERSION = YES;
				CLANG_WARN_OBJC_ROOT_CLASS = YES_ERROR;
				CLANG_WARN_RANGE_LOOP_ANALYSIS = YES;
				CLANG_WARN_STRICT_PROTOTYPES = YES;
				CLANG_WARN_SUSPICIOUS_MOVE = YES;
				CLANG_WARN_UNGUARDED_AVAILABILITY = YES_AGGRESSIVE;
				CLANG_WARN_UNREACHABLE_CODE = YES;
				CLANG_WARN__DUPLICATE_METHOD_MATCH = YES;
				CODE_SIGN_IDENTITY = "iPhone Developer";
				COPY_PHASE_STRIP = NO;
				DEBUG_INFORMATION_FORMAT = "dwarf-with-dsym";
				ENABLE_NS_ASSERTIONS = NO;
				ENABLE_STRICT_OBJC_MSGSEND = YES;
				GCC_C_LANGUAGE_STANDARD = gnu11;
				GCC_NO_COMMON_BLOCKS = YES;
				GCC_WARN_64_TO_32_BIT_CONVERSION = YES;
				GCC_WARN_ABOUT_RETURN_TYPE = YES_ERROR;
				GCC_WARN_UNDECLARED_SELECTOR = YES;
				GCC_WARN_UNINITIALIZED_AUTOS = YES_AGGRESSIVE;
				GCC_WARN_UNUSED_FUNCTION = YES;
				GCC_WARN_UNUSED_VARIABLE = YES;
				IPHONEOS_DEPLOYMENT_TARGET = 11.2;
				MTL_ENABLE_DEBUG_INFO = NO;
				SDKROOT = iphoneos;
				SWIFT_OPTIMIZATION_LEVEL = "-Owholemodule";
				VALIDATE_PRODUCT = YES;
			};
			name = Release;
		};
		143DA2872075B448001D2160 /* Debug */ = {
			isa = XCBuildConfiguration;
			buildSettings = {
				ASSETCATALOG_COMPILER_APPICON_NAME = AppIcon;
				CODE_SIGN_STYLE = Automatic;
				INFOPLIST_FILE = alienStopTest/Info.plist;
				LD_RUNPATH_SEARCH_PATHS = "$(inherited) @executable_path/Frameworks";
				PRODUCT_BUNDLE_IDENTIFIER = kr.ac.ditapps.alienStopTest;
				PRODUCT_NAME = "$(TARGET_NAME)";
				SWIFT_VERSION = 4.0;
				TARGETED_DEVICE_FAMILY = "1,2";
			};
			name = Debug;
		};
		143DA2882075B448001D2160 /* Release */ = {
			isa = XCBuildConfiguration;
			buildSettings = {
				ASSETCATALOG_COMPILER_APPICON_NAME = AppIcon;
				CODE_SIGN_STYLE = Automatic;
				INFOPLIST_FILE = alienStopTest/Info.plist;
				LD_RUNPATH_SEARCH_PATHS = "$(inherited) @executable_path/Frameworks";
				PRODUCT_BUNDLE_IDENTIFIER = kr.ac.ditapps.alienStopTest;
				PRODUCT_NAME = "$(TARGET_NAME)";
				SWIFT_VERSION = 4.0;
				TARGETED_DEVICE_FAMILY = "1,2";
			};
			name = Release;
		};
/* End XCBuildConfiguration section */

/* Begin XCConfigurationList section */
		143DA26F2075B447001D2160 /* Build configuration list for PBXProject "alienStopTest" */ = {
			isa = XCConfigurationList;
			buildConfigurations = (
				143DA2842075B448001D2160 /* Debug */,
				143DA2852075B448001D2160 /* Release */,
			);
			defaultConfigurationIsVisible = 0;
			defaultConfigurationName = Release;
		};
		143DA2862075B448001D2160 /* Build configuration list for PBXNativeTarget "alienStopTest" */ = {
			isa = XCConfigurationList;
			buildConfigurations = (
				143DA2872075B448001D2160 /* Debug */,
				143DA2882075B448001D2160 /* Release */,
			);
			defaultConfigurationIsVisible = 0;
			defaultConfigurationName = Release;
		};
/* End XCConfigurationList section */
	};
	rootObject = 143DA26C2075B447001D2160 /* Project object */;
}
